<?xml version="1.0" encoding="utf-8"?>
<Project ToolsVersion="4.0" xmlns="http://schemas.microsoft.com/developer/msbuild/2003">
  <ItemGroup>
    <Filter Include="Precomp">
      <UniqueIdentifier>{f67e8cfc-3b38-46e0-8519-47eee038b301}</UniqueIdentifier>
    </Filter>
    <Filter Include="Core">
      <UniqueIdentifier>{16eb998e-e2a3-451d-84cc-ca2af85351a6}</UniqueIdentifier>
    </Filter>
    <Filter Include="Shaders">
      <UniqueIdentifier>{4a6d69fc-f10c-4fef-b4c1-f7e568eb6481}</UniqueIdentifier>
    </Filter>
    <Filter Include="Game">
      <UniqueIdentifier>{58a6dfe7-051f-440c-98ad-d10579390bbf}</UniqueIdentifier>
    </Filter>
  </ItemGroup>
  <ItemGroup>
    <ClInclude Include="stdafx.h">
      <Filter>Precomp</Filter>
    </ClInclude>
    <ClInclude Include="targetver.h">
      <Filter>Precomp</Filter>
    </ClInclude>
    <ClInclude Include="RenderWindow.h">
      <Filter>Core</Filter>
    </ClInclude>
    <ClInclude Include="Prereq.h">
      <Filter>Core</Filter>
    </ClInclude>
    <ClInclude Include="spiiMath.h">
      <Filter>Core</Filter>
    </ClInclude>
    <ClInclude Include="RenderWindowPrereq.h">
      <Filter>Core</Filter>
    </ClInclude>
    <ClInclude Include="Application.h">
      <Filter>Core</Filter>
    </ClInclude>
    <ClInclude Include="RenderSystem.h">
      <Filter>Core</Filter>
    </ClInclude>
    <ClInclude Include="RenderSystemPrereq.h">
      <Filter>Core</Filter>
    </ClInclude>
    <ClInclude Include="InputSystem.h">
      <Filter>Core</Filter>
    </ClInclude>
    <ClInclude Include="InputSystemPrereq.h">
      <Filter>Core</Filter>
    </ClInclude>
    <ClInclude Include="spiiUtils.h">
      <Filter>Core</Filter>
    </ClInclude>
    <ClInclude Include="SystemUtils.h">
      <Filter>Core</Filter>
    </ClInclude>
    <ClInclude Include="GameApp.h">
      <Filter>Game</Filter>
    </ClInclude>
    <ClInclude Include="Camera.h">
      <Filter>Core</Filter>
    </ClInclude>
    <ClInclude Include="Mesh.h">
      <Filter>Core</Filter>
    </ClInclude>
    <ClInclude Include="MeshUtils.h">
      <Filter>Core</Filter>
    </ClInclude>
    <ClInclude Include="RenderNode.h">
      <Filter>Core</Filter>
    </ClInclude>
    <ClInclude Include="Texture.h">
      <Filter>Core</Filter>
    </ClInclude>
    <ClInclude Include="BoundingVolumes.h">
      <Filter>Core</Filter>
    </ClInclude>
    <ClInclude Include="Factory.h">
      <Filter>Core</Filter>
    </ClInclude>
    <ClInclude Include="Entity.h">
      <Filter>Game</Filter>
    </ClInclude>
    <ClInclude Include="RenderNodeManager.h">
      <Filter>Core</Filter>
    </ClInclude>
    <ClInclude Include="IMessage.h">
      <Filter>Core</Filter>
    </ClInclude>
    <ClInclude Include="MessageSystem.h">
      <Filter>Core</Filter>
    </ClInclude>
    <ClInclude Include="ICallback.h">
      <Filter>Core</Filter>
    </ClInclude>
    <ClInclude Include="ObjParser.h">
      <Filter>Core</Filter>
    </ClInclude>
    <ClInclude Include="VisualComponent.h">
      <Filter>Game</Filter>
    </ClInclude>
    <ClInclude Include="Callback.h">
      <Filter>Core</Filter>
    </ClInclude>
    <ClInclude Include="Message.h">
      <Filter>Core</Filter>
    </ClInclude>
    <ClInclude Include="MoveComponent.h">
      <Filter>Game</Filter>
    </ClInclude>
    <ClInclude Include="IComponent.h">
      <Filter>Core</Filter>
    </ClInclude>
    <ClInclude Include="EntityManager.h">
      <Filter>Core</Filter>
    </ClInclude>
    <ClInclude Include="InputComponent.h">
      <Filter>Game</Filter>
    </ClInclude>
    <ClInclude Include="CameraComponent.h">
      <Filter>Game</Filter>
    </ClInclude>
  </ItemGroup>
  <ItemGroup>
    <ClCompile Include="main.cpp" />
    <ClCompile Include="stdafx.cpp">
      <Filter>Precomp</Filter>
    </ClCompile>
    <ClCompile Include="spiiMath.cpp">
      <Filter>Core</Filter>
    </ClCompile>
    <ClCompile Include="RenderWindow.cpp">
      <Filter>Core</Filter>
    </ClCompile>
    <ClCompile Include="Application.cpp">
      <Filter>Core</Filter>
    </ClCompile>
    <ClCompile Include="RenderSystem.cpp">
      <Filter>Core</Filter>
    </ClCompile>
    <ClCompile Include="RenderSystemPrereq.cpp">
      <Filter>Core</Filter>
    </ClCompile>
    <ClCompile Include="InputSystemPrereq.cpp">
      <Filter>Core</Filter>
    </ClCompile>
    <ClCompile Include="InputSystem.cpp">
      <Filter>Core</Filter>
    </ClCompile>
    <ClCompile Include="SystemUtils.cpp">
      <Filter>Core</Filter>
    </ClCompile>
    <ClCompile Include="GameApp.cpp">
      <Filter>Game</Filter>
    </ClCompile>
    <ClCompile Include="Camera.cpp">
      <Filter>Core</Filter>
    </ClCompile>
    <ClCompile Include="Mesh.cpp">
      <Filter>Core</Filter>
    </ClCompile>
    <ClCompile Include="MeshUtils.cpp">
      <Filter>Core</Filter>
    </ClCompile>
    <ClCompile Include="RenderNode.cpp">
      <Filter>Core</Filter>
    </ClCompile>
    <ClCompile Include="Texture.cpp">
      <Filter>Core</Filter>
    </ClCompile>
    <ClCompile Include="Entity.cpp">
      <Filter>Game</Filter>
    </ClCompile>
    <ClCompile Include="RendeNodeManager.cpp">
      <Filter>Core</Filter>
    </ClCompile>
    <ClCompile Include="MessageSystem.cpp">
      <Filter>Core</Filter>
    </ClCompile>
    <ClCompile Include="ObjParser.cpp">
      <Filter>Core</Filter>
    </ClCompile>
    <ClCompile Include="MoveComponent.cpp">
      <Filter>Game</Filter>
    </ClCompile>
    <ClCompile Include="EntityManager.cpp">
      <Filter>Core</Filter>
    </ClCompile>
    <ClCompile Include="InputComponent.cpp">
      <Filter>Game</Filter>
    </ClCompile>
    <ClCompile Include="CameraComponent.cpp">
      <Filter>Game</Filter>
    </ClCompile>
  </ItemGroup>
  <ItemGroup>
    <None Include="..\data\sh\basic.fx">
      <Filter>Shaders</Filter>
    </None>
  </ItemGroup>
</Project>